
Microsoft Visual Studio Solution File, Format Version 12.00
# Visual Studio Version 17
VisualStudioVersion = 17.14.36518.9 d17.14
MinimumVisualStudioVersion = 10.0.40219.1
Project("{FAE04EC0-301F-11D3-BF4B-00C04F79EFBC}") = "TP-WinForms-Equipo-26A", "TP-WinForms-Equipo-26A\TP-WinForms-Equipo-26A.csproj", "{BA1D7DF9-1F0F-4806-B772-AF1622DB4A92}"
EndProject
Global
	GlobalSection(SolutionConfigurationPlatforms) = preSolution
		Debug|Any CPU = Debug|Any CPU
		Release|Any CPU = Release|Any CPU
	EndGlobalSection
	GlobalSection(ProjectConfigurationPlatforms) = postSolution
		{BA1D7DF9-1F0F-4806-B772-AF1622DB4A92}.Debug|Any CPU.ActiveCfg = Debug|Any CPU
		{BA1D7DF9-1F0F-4806-B772-AF1622DB4A92}.Debug|Any CPU.Build.0 = Debug|Any CPU
		{BA1D7DF9-1F0F-4806-B772-AF1622DB4A92}.Release|Any CPU.ActiveCfg = Release|Any CPU
		{BA1D7DF9-1F0F-4806-B772-AF1622DB4A92}.Release|Any CPU.Build.0 = Release|Any CPU
	EndGlobalSection
	GlobalSection(SolutionProperties) = preSolution
		HideSolutionNode = FALSE
	EndGlobalSection
	GlobalSection(ExtensibilityGlobals) = postSolution
		SolutionGuid = {3DA5B5D1-A92A-4D5C-BDAC-57B6FBE70AA9}
	EndGlobalSection
EndGlobal
